
Microsoft Visual Studio Solution File, Format Version 12.00
# Visual Studio Version 16
VisualStudioVersion = 16.0.29123.88
MinimumVisualStudioVersion = 10.0.40219.1
Project("{FAE04EC0-301F-11D3-BF4B-00C04F79EFBC}") = "guiapp", "guiapp.csproj", "{6BC38BE9-EC8A-49A5-BC7D-2D7833F6993B}"
EndProject
Global
	GlobalSection(SolutionConfigurationPlatforms) = preSolution
		Debug|Any CPU = Debug|Any CPU
		Release|Any CPU = Release|Any CPU
	EndGlobalSection
	GlobalSection(ProjectConfigurationPlatforms) = postSolution
		{6BC38BE9-EC8A-49A5-BC7D-2D7833F6993B}.Debug|Any CPU.ActiveCfg = Debug|Any CPU
		{6BC38BE9-EC8A-49A5-BC7D-2D7833F6993B}.Debug|Any CPU.Build.0 = Debug|Any CPU
		{6BC38BE9-EC8A-49A5-BC7D-2D7833F6993B}.Release|Any CPU.ActiveCfg = Release|Any CPU
		{6BC38BE9-EC8A-49A5-BC7D-2D7833F6993B}.Release|Any CPU.Build.0 = Release|Any CPU
	EndGlobalSection
	GlobalSection(SolutionProperties) = preSolution
		HideSolutionNode = FALSE
	EndGlobalSection
	GlobalSection(ExtensibilityGlobals) = postSolution
		SolutionGuid = {9CB092C9-110C-4F5C-89EE-AED1B4D6F8BE}
	EndGlobalSection
EndGlobal
